
Microsoft Visual Studio Solution File, Format Version 12.00
# Visual Studio Version 17
VisualStudioVersion = 17.0.31903.59
MinimumVisualStudioVersion = 10.0.40219.1
Project("{2150E333-8FDC-42A3-9474-1A3956D46DE8}") = "src", "src", "{11111111-1111-1111-1111-111111111111}"
EndProject
Project("{2150E333-8FDC-42A3-9474-1A3956D46DE8}") = "samples", "samples", "{22222222-2222-2222-2222-222222222222}"
EndProject
Project("{2150E333-8FDC-42A3-9474-1A3956D46DE8}") = "tests", "tests", "{33333333-3333-3333-3333-333333333333}"
EndProject
Project("{9A19103F-16F7-4668-BE54-9A1E7A4F7556}") = "QianYuan.Core", "src\QianYuan.Core\QianYuan.Core.csproj", "{A0000001-0000-0000-0000-000000000001}"
EndProject
Project("{9A19103F-16F7-4668-BE54-9A1E7A4F7556}") = "QianYuan.Kernel", "src\QianYuan.Kernel\QianYuan.Kernel.csproj", "{A0000002-0000-0000-0000-000000000002}"
EndProject
Project("{9A19103F-16F7-4668-BE54-9A1E7A4F7556}") = "QianYuan.Providers.OpenAICompat", "src\QianYuan.Providers.OpenAICompat\QianYuan.Providers.OpenAICompat.csproj", "{A0000003-0000-0000-0000-000000000003}"
EndProject
Project("{9A19103F-16F7-4668-BE54-9A1E7A4F7556}") = "QianYuan.Providers.Anthropic", "src\QianYuan.Providers.Anthropic\QianYuan.Providers.Anthropic.csproj", "{A0000004-0000-0000-0000-000000000004}"
EndProject
Project("{9A19103F-16F7-4668-BE54-9A1E7A4F7556}") = "QianYuan.Providers.Gemini", "src\QianYuan.Providers.Gemini\QianYuan.Providers.Gemini.csproj", "{A0000005-0000-0000-0000-000000000005}"
EndProject
Project("{9A19103F-16F7-4668-BE54-9A1E7A4F7556}") = "QianYuan.Providers.QwenNative", "src\QianYuan.Providers.QwenNative\QianYuan.Providers.QwenNative.csproj", "{A0000006-0000-0000-0000-000000000006}"
EndProject
Project("{9A19103F-16F7-4668-BE54-9A1E7A4F7556}") = "QianYuan.Providers.AzureOpenAI", "src\QianYuan.Providers.AzureOpenAI\QianYuan.Providers.AzureOpenAI.csproj", "{A000000D-0000-0000-0000-00000000000D}"
EndProject
Project("{9A19103F-16F7-4668-BE54-9A1E7A4F7556}") = "QianYuan.Skills.Builtin", "src\QianYuan.Skills.Builtin\QianYuan.Skills.Builtin.csproj", "{A0000007-0000-0000-0000-000000000007}"
EndProject
Project("{9A19103F-16F7-4668-BE54-9A1E7A4F7556}") = "QianYuan.Mcp", "src\QianYuan.Mcp\QianYuan.Mcp.csproj", "{A0000008-0000-0000-0000-000000000008}"
EndProject
Project("{9A19103F-16F7-4668-BE54-9A1E7A4F7556}") = "QianYuan.Integrations.DingTalk", "src\QianYuan.Integrations.DingTalk\QianYuan.Integrations.DingTalk.csproj", "{A0000009-0000-0000-0000-000000000009}"
EndProject
Project("{9A19103F-16F7-4668-BE54-9A1E7A4F7556}") = "QianYuan.Api", "src\QianYuan.Api\QianYuan.Api.csproj", "{A000000A-0000-0000-0000-00000000000A}"
EndProject
Project("{9A19103F-16F7-4668-BE54-9A1E7A4F7556}") = "QianYuan.Sample.Console", "samples\QianYuan.Sample.Console\QianYuan.Sample.Console.csproj", "{A000000B-0000-0000-0000-00000000000B}"
EndProject
Project("{9A19103F-16F7-4668-BE54-9A1E7A4F7556}") = "QianYuan.Core.Tests", "tests\QianYuan.Core.Tests\QianYuan.Core.Tests.csproj", "{A000000C-0000-0000-0000-00000000000C}"
EndProject
Project("{FAE04EC0-301F-11D3-BF4B-00C04F79EFBC}") = "QianYuan.UnifyCli", "src\QianYuan.UnifyCli\QianYuan.UnifyCli.csproj", "{65A5E382-936D-426D-8908-78EFDEB14829}"
EndProject
Global
	GlobalSection(SolutionConfigurationPlatforms) = preSolution
		Debug|Any CPU = Debug|Any CPU
		Debug|x64 = Debug|x64
		Debug|x86 = Debug|x86
		Release|Any CPU = Release|Any CPU
		Release|x64 = Release|x64
		Release|x86 = Release|x86
	EndGlobalSection
	GlobalSection(ProjectConfigurationPlatforms) = postSolution
		{A0000001-0000-0000-0000-000000000001}.Debug|Any CPU.ActiveCfg = Debug|Any CPU
		{A0000001-0000-0000-0000-000000000001}.Debug|Any CPU.Build.0 = Debug|Any CPU
		{A0000001-0000-0000-0000-000000000001}.Debug|x64.ActiveCfg = Debug|Any CPU
		{A0000001-0000-0000-0000-000000000001}.Debug|x64.Build.0 = Debug|Any CPU
		{A0000001-0000-0000-0000-000000000001}.Debug|x86.ActiveCfg = Debug|Any CPU
		{A0000001-0000-0000-0000-000000000001}.Debug|x86.Build.0 = Debug|Any CPU
		{A0000001-0000-0000-0000-000000000001}.Release|Any CPU.ActiveCfg = Release|Any CPU
		{A0000001-0000-0000-0000-000000000001}.Release|Any CPU.Build.0 = Release|Any CPU
		{A0000001-0000-0000-0000-000000000001}.Release|x64.ActiveCfg = Release|Any CPU
		{A0000001-0000-0000-0000-000000000001}.Release|x64.Build.0 = Release|Any CPU
		{A0000001-0000-0000-0000-000000000001}.Release|x86.ActiveCfg = Release|Any CPU
		{A0000001-0000-0000-0000-000000000001}.Release|x86.Build.0 = Release|Any CPU
		{A0000002-0000-0000-0000-000000000002}.Debug|Any CPU.ActiveCfg = Debug|Any CPU
		{A0000002-0000-0000-0000-000000000002}.Debug|Any CPU.Build.0 = Debug|Any CPU
		{A0000002-0000-0000-0000-000000000002}.Debug|x64.ActiveCfg = Debug|Any CPU
		{A0000002-0000-0000-0000-000000000002}.Debug|x64.Build.0 = Debug|Any CPU
		{A0000002-0000-0000-0000-000000000002}.Debug|x86.ActiveCfg = Debug|Any CPU
		{A0000002-0000-0000-0000-000000000002}.Debug|x86.Build.0 = Debug|Any CPU
		{A0000002-0000-0000-0000-000000000002}.Release|Any CPU.ActiveCfg = Release|Any CPU
		{A0000002-0000-0000-0000-000000000002}.Release|Any CPU.Build.0 = Release|Any CPU
		{A0000002-0000-0000-0000-000000000002}.Release|x64.ActiveCfg = Release|Any CPU
		{A0000002-0000-0000-0000-000000000002}.Release|x64.Build.0 = Release|Any CPU
		{A0000002-0000-0000-0000-000000000002}.Release|x86.ActiveCfg = Release|Any CPU
		{A0000002-0000-0000-0000-000000000002}.Release|x86.Build.0 = Release|Any CPU
		{A0000003-0000-0000-0000-000000000003}.Debug|Any CPU.ActiveCfg = Debug|Any CPU
		{A0000003-0000-0000-0000-000000000003}.Debug|Any CPU.Build.0 = Debug|Any CPU
		{A0000003-0000-0000-0000-000000000003}.Debug|x64.ActiveCfg = Debug|Any CPU
		{A0000003-0000-0000-0000-000000000003}.Debug|x64.Build.0 = Debug|Any CPU
		{A0000003-0000-0000-0000-000000000003}.Debug|x86.ActiveCfg = Debug|Any CPU
		{A0000003-0000-0000-0000-000000000003}.Debug|x86.Build.0 = Debug|Any CPU
		{A0000003-0000-0000-0000-000000000003}.Release|Any CPU.ActiveCfg = Release|Any CPU
		{A0000003-0000-0000-0000-000000000003}.Release|Any CPU.Build.0 = Release|Any CPU
		{A0000003-0000-0000-0000-000000000003}.Release|x64.ActiveCfg = Release|Any CPU
		{A0000003-0000-0000-0000-000000000003}.Release|x64.Build.0 = Release|Any CPU
		{A0000003-0000-0000-0000-000000000003}.Release|x86.ActiveCfg = Release|Any CPU
		{A0000003-0000-0000-0000-000000000003}.Release|x86.Build.0 = Release|Any CPU
		{A0000004-0000-0000-0000-000000000004}.Debug|Any CPU.ActiveCfg = Debug|Any CPU
		{A0000004-0000-0000-0000-000000000004}.Debug|Any CPU.Build.0 = Debug|Any CPU
		{A0000004-0000-0000-0000-000000000004}.Debug|x64.ActiveCfg = Debug|Any CPU
		{A0000004-0000-0000-0000-000000000004}.Debug|x64.Build.0 = Debug|Any CPU
		{A0000004-0000-0000-0000-000000000004}.Debug|x86.ActiveCfg = Debug|Any CPU
		{A0000004-0000-0000-0000-000000000004}.Debug|x86.Build.0 = Debug|Any CPU
		{A0000004-0000-0000-0000-000000000004}.Release|Any CPU.ActiveCfg = Release|Any CPU
		{A0000004-0000-0000-0000-000000000004}.Release|Any CPU.Build.0 = Release|Any CPU
		{A0000004-0000-0000-0000-000000000004}.Release|x64.ActiveCfg = Release|Any CPU
		{A0000004-0000-0000-0000-000000000004}.Release|x64.Build.0 = Release|Any CPU
		{A0000004-0000-0000-0000-000000000004}.Release|x86.ActiveCfg = Release|Any CPU
		{A0000004-0000-0000-0000-000000000004}.Release|x86.Build.0 = Release|Any CPU
		{A0000005-0000-0000-0000-000000000005}.Debug|Any CPU.ActiveCfg = Debug|Any CPU
		{A0000005-0000-0000-0000-000000000005}.Debug|Any CPU.Build.0 = Debug|Any CPU
		{A0000005-0000-0000-0000-000000000005}.Debug|x64.ActiveCfg = Debug|Any CPU
		{A0000005-0000-0000-0000-000000000005}.Debug|x64.Build.0 = Debug|Any CPU
		{A0000005-0000-0000-0000-000000000005}.Debug|x86.ActiveCfg = Debug|Any CPU
		{A0000005-0000-0000-0000-000000000005}.Debug|x86.Build.0 = Debug|Any CPU
		{A0000005-0000-0000-0000-000000000005}.Release|Any CPU.ActiveCfg = Release|Any CPU
		{A0000005-0000-0000-0000-000000000005}.Release|Any CPU.Build.0 = Release|Any CPU
		{A0000005-0000-0000-0000-000000000005}.Release|x64.ActiveCfg = Release|Any CPU
		{A0000005-0000-0000-0000-000000000005}.Release|x64.Build.0 = Release|Any CPU
		{A0000005-0000-0000-0000-000000000005}.Release|x86.ActiveCfg = Release|Any CPU
		{A0000005-0000-0000-0000-000000000005}.Release|x86.Build.0 = Release|Any CPU
		{A0000006-0000-0000-0000-000000000006}.Debug|Any CPU.ActiveCfg = Debug|Any CPU
		{A0000006-0000-0000-0000-000000000006}.Debug|Any CPU.Build.0 = Debug|Any CPU
		{A0000006-0000-0000-0000-000000000006}.Debug|x64.ActiveCfg = Debug|Any CPU
		{A0000006-0000-0000-0000-000000000006}.Debug|x64.Build.0 = Debug|Any CPU
		{A0000006-0000-0000-0000-000000000006}.Debug|x86.ActiveCfg = Debug|Any CPU
		{A0000006-0000-0000-0000-000000000006}.Debug|x86.Build.0 = Debug|Any CPU
		{A0000006-0000-0000-0000-000000000006}.Release|Any CPU.ActiveCfg = Release|Any CPU
		{A0000006-0000-0000-0000-000000000006}.Release|Any CPU.Build.0 = Release|Any CPU
		{A0000006-0000-0000-0000-000000000006}.Release|x64.ActiveCfg = Release|Any CPU
		{A0000006-0000-0000-0000-000000000006}.Release|x64.Build.0 = Release|Any CPU
		{A0000006-0000-0000-0000-000000000006}.Release|x86.ActiveCfg = Release|Any CPU
		{A0000006-0000-0000-0000-000000000006}.Release|x86.Build.0 = Release|Any CPU
		{A000000D-0000-0000-0000-00000000000D}.Debug|Any CPU.ActiveCfg = Debug|Any CPU
		{A000000D-0000-0000-0000-00000000000D}.Debug|Any CPU.Build.0 = Debug|Any CPU
		{A000000D-0000-0000-0000-00000000000D}.Debug|x64.ActiveCfg = Debug|Any CPU
		{A000000D-0000-0000-0000-00000000000D}.Debug|x64.Build.0 = Debug|Any CPU
		{A000000D-0000-0000-0000-00000000000D}.Debug|x86.ActiveCfg = Debug|Any CPU
		{A000000D-0000-0000-0000-00000000000D}.Debug|x86.Build.0 = Debug|Any CPU
		{A000000D-0000-0000-0000-00000000000D}.Release|Any CPU.ActiveCfg = Release|Any CPU
		{A000000D-0000-0000-0000-00000000000D}.Release|Any CPU.Build.0 = Release|Any CPU
		{A000000D-0000-0000-0000-00000000000D}.Release|x64.ActiveCfg = Release|Any CPU
		{A000000D-0000-0000-0000-00000000000D}.Release|x64.Build.0 = Release|Any CPU
		{A000000D-0000-0000-0000-00000000000D}.Release|x86.ActiveCfg = Release|Any CPU
		{A000000D-0000-0000-0000-00000000000D}.Release|x86.Build.0 = Release|Any CPU
		{A0000007-0000-0000-0000-000000000007}.Debug|Any CPU.ActiveCfg = Debug|Any CPU
		{A0000007-0000-0000-0000-000000000007}.Debug|Any CPU.Build.0 = Debug|Any CPU
		{A0000007-0000-0000-0000-000000000007}.Debug|x64.ActiveCfg = Debug|Any CPU
		{A0000007-0000-0000-0000-000000000007}.Debug|x64.Build.0 = Debug|Any CPU
		{A0000007-0000-0000-0000-000000000007}.Debug|x86.ActiveCfg = Debug|Any CPU
		{A0000007-0000-0000-0000-000000000007}.Debug|x86.Build.0 = Debug|Any CPU
		{A0000007-0000-0000-0000-000000000007}.Release|Any CPU.ActiveCfg = Release|Any CPU
		{A0000007-0000-0000-0000-000000000007}.Release|Any CPU.Build.0 = Release|Any CPU
		{A0000007-0000-0000-0000-000000000007}.Release|x64.ActiveCfg = Release|Any CPU
		{A0000007-0000-0000-0000-000000000007}.Release|x64.Build.0 = Release|Any CPU
		{A0000007-0000-0000-0000-000000000007}.Release|x86.ActiveCfg = Release|Any CPU
		{A0000007-0000-0000-0000-000000000007}.Release|x86.Build.0 = Release|Any CPU
		{A0000008-0000-0000-0000-000000000008}.Debug|Any CPU.ActiveCfg = Debug|Any CPU
		{A0000008-0000-0000-0000-000000000008}.Debug|Any CPU.Build.0 = Debug|Any CPU
		{A0000008-0000-0000-0000-000000000008}.Debug|x64.ActiveCfg = Debug|Any CPU
		{A0000008-0000-0000-0000-000000000008}.Debug|x64.Build.0 = Debug|Any CPU
		{A0000008-0000-0000-0000-000000000008}.Debug|x86.ActiveCfg = Debug|Any CPU
		{A0000008-0000-0000-0000-000000000008}.Debug|x86.Build.0 = Debug|Any CPU
		{A0000008-0000-0000-0000-000000000008}.Release|Any CPU.ActiveCfg = Release|Any CPU
		{A0000008-0000-0000-0000-000000000008}.Release|Any CPU.Build.0 = Release|Any CPU
		{A0000008-0000-0000-0000-000000000008}.Release|x64.ActiveCfg = Release|Any CPU
		{A0000008-0000-0000-0000-000000000008}.Release|x64.Build.0 = Release|Any CPU
		{A0000008-0000-0000-0000-000000000008}.Release|x86.ActiveCfg = Release|Any CPU
		{A0000008-0000-0000-0000-000000000008}.Release|x86.Build.0 = Release|Any CPU
		{A0000009-0000-0000-0000-000000000009}.Debug|Any CPU.ActiveCfg = Debug|Any CPU
		{A0000009-0000-0000-0000-000000000009}.Debug|Any CPU.Build.0 = Debug|Any CPU
		{A0000009-0000-0000-0000-000000000009}.Debug|x64.ActiveCfg = Debug|Any CPU
		{A0000009-0000-0000-0000-000000000009}.Debug|x64.Build.0 = Debug|Any CPU
		{A0000009-0000-0000-0000-000000000009}.Debug|x86.ActiveCfg = Debug|Any CPU
		{A0000009-0000-0000-0000-000000000009}.Debug|x86.Build.0 = Debug|Any CPU
		{A0000009-0000-0000-0000-000000000009}.Release|Any CPU.ActiveCfg = Release|Any CPU
		{A0000009-0000-0000-0000-000000000009}.Release|Any CPU.Build.0 = Release|Any CPU
		{A0000009-0000-0000-0000-000000000009}.Release|x64.ActiveCfg = Release|Any CPU
		{A0000009-0000-0000-0000-000000000009}.Release|x64.Build.0 = Release|Any CPU
		{A0000009-0000-0000-0000-000000000009}.Release|x86.ActiveCfg = Release|Any CPU
		{A0000009-0000-0000-0000-000000000009}.Release|x86.Build.0 = Release|Any CPU
		{A000000A-0000-0000-0000-00000000000A}.Debug|Any CPU.ActiveCfg = Debug|Any CPU
		{A000000A-0000-0000-0000-00000000000A}.Debug|Any CPU.Build.0 = Debug|Any CPU
		{A000000A-0000-0000-0000-00000000000A}.Debug|x64.ActiveCfg = Debug|Any CPU
		{A000000A-0000-0000-0000-00000000000A}.Debug|x64.Build.0 = Debug|Any CPU
		{A000000A-0000-0000-0000-00000000000A}.Debug|x86.ActiveCfg = Debug|Any CPU
		{A000000A-0000-0000-0000-00000000000A}.Debug|x86.Build.0 = Debug|Any CPU
		{A000000A-0000-0000-0000-00000000000A}.Release|Any CPU.ActiveCfg = Release|Any CPU
		{A000000A-0000-0000-0000-00000000000A}.Release|Any CPU.Build.0 = Release|Any CPU
		{A000000A-0000-0000-0000-00000000000A}.Release|x64.ActiveCfg = Release|Any CPU
		{A000000A-0000-0000-0000-00000000000A}.Release|x64.Build.0 = Release|Any CPU
		{A000000A-0000-0000-0000-00000000000A}.Release|x86.ActiveCfg = Release|Any CPU
		{A000000A-0000-0000-0000-00000000000A}.Release|x86.Build.0 = Release|Any CPU
		{A000000B-0000-0000-0000-00000000000B}.Debug|Any CPU.ActiveCfg = Debug|Any CPU
		{A000000B-0000-0000-0000-00000000000B}.Debug|Any CPU.Build.0 = Debug|Any CPU
		{A000000B-0000-0000-0000-00000000000B}.Debug|x64.ActiveCfg = Debug|Any CPU
		{A000000B-0000-0000-0000-00000000000B}.Debug|x64.Build.0 = Debug|Any CPU
		{A000000B-0000-0000-0000-00000000000B}.Debug|x86.ActiveCfg = Debug|Any CPU
		{A000000B-0000-0000-0000-00000000000B}.Debug|x86.Build.0 = Debug|Any CPU
		{A000000B-0000-0000-0000-00000000000B}.Release|Any CPU.ActiveCfg = Release|Any CPU
		{A000000B-0000-0000-0000-00000000000B}.Release|Any CPU.Build.0 = Release|Any CPU
		{A000000B-0000-0000-0000-00000000000B}.Release|x64.ActiveCfg = Release|Any CPU
		{A000000B-0000-0000-0000-00000000000B}.Release|x64.Build.0 = Release|Any CPU
		{A000000B-0000-0000-0000-00000000000B}.Release|x86.ActiveCfg = Release|Any CPU
		{A000000B-0000-0000-0000-00000000000B}.Release|x86.Build.0 = Release|Any CPU
		{A000000C-0000-0000-0000-00000000000C}.Debug|Any CPU.ActiveCfg = Debug|Any CPU
		{A000000C-0000-0000-0000-00000000000C}.Debug|Any CPU.Build.0 = Debug|Any CPU
		{A000000C-0000-0000-0000-00000000000C}.Debug|x64.ActiveCfg = Debug|Any CPU
		{A000000C-0000-0000-0000-00000000000C}.Debug|x64.Build.0 = Debug|Any CPU
		{A000000C-0000-0000-0000-00000000000C}.Debug|x86.ActiveCfg = Debug|Any CPU
		{A000000C-0000-0000-0000-00000000000C}.Debug|x86.Build.0 = Debug|Any CPU
		{A000000C-0000-0000-0000-00000000000C}.Release|Any CPU.ActiveCfg = Release|Any CPU
		{A000000C-0000-0000-0000-00000000000C}.Release|Any CPU.Build.0 = Release|Any CPU
		{A000000C-0000-0000-0000-00000000000C}.Release|x64.ActiveCfg = Release|Any CPU
		{A000000C-0000-0000-0000-00000000000C}.Release|x64.Build.0 = Release|Any CPU
		{A000000C-0000-0000-0000-00000000000C}.Release|x86.ActiveCfg = Release|Any CPU
		{A000000C-0000-0000-0000-00000000000C}.Release|x86.Build.0 = Release|Any CPU
		{65A5E382-936D-426D-8908-78EFDEB14829}.Debug|Any CPU.ActiveCfg = Debug|Any CPU
		{65A5E382-936D-426D-8908-78EFDEB14829}.Debug|Any CPU.Build.0 = Debug|Any CPU
		{65A5E382-936D-426D-8908-78EFDEB14829}.Debug|x64.ActiveCfg = Debug|Any CPU
		{65A5E382-936D-426D-8908-78EFDEB14829}.Debug|x64.Build.0 = Debug|Any CPU
		{65A5E382-936D-426D-8908-78EFDEB14829}.Debug|x86.ActiveCfg = Debug|Any CPU
		{65A5E382-936D-426D-8908-78EFDEB14829}.Debug|x86.Build.0 = Debug|Any CPU
		{65A5E382-936D-426D-8908-78EFDEB14829}.Release|Any CPU.ActiveCfg = Release|Any CPU
		{65A5E382-936D-426D-8908-78EFDEB14829}.Release|Any CPU.Build.0 = Release|Any CPU
		{65A5E382-936D-426D-8908-78EFDEB14829}.Release|x64.ActiveCfg = Release|Any CPU
		{65A5E382-936D-426D-8908-78EFDEB14829}.Release|x64.Build.0 = Release|Any CPU
		{65A5E382-936D-426D-8908-78EFDEB14829}.Release|x86.ActiveCfg = Release|Any CPU
		{65A5E382-936D-426D-8908-78EFDEB14829}.Release|x86.Build.0 = Release|Any CPU
	EndGlobalSection
	GlobalSection(SolutionProperties) = preSolution
		HideSolutionNode = FALSE
	EndGlobalSection
	GlobalSection(NestedProjects) = preSolution
		{A0000001-0000-0000-0000-000000000001} = {11111111-1111-1111-1111-111111111111}
		{A0000002-0000-0000-0000-000000000002} = {11111111-1111-1111-1111-111111111111}
		{A0000003-0000-0000-0000-000000000003} = {11111111-1111-1111-1111-111111111111}
		{A0000004-0000-0000-0000-000000000004} = {11111111-1111-1111-1111-111111111111}
		{A0000005-0000-0000-0000-000000000005} = {11111111-1111-1111-1111-111111111111}
		{A0000006-0000-0000-0000-000000000006} = {11111111-1111-1111-1111-111111111111}
		{A000000D-0000-0000-0000-00000000000D} = {11111111-1111-1111-1111-111111111111}
		{A0000007-0000-0000-0000-000000000007} = {11111111-1111-1111-1111-111111111111}
		{A0000008-0000-0000-0000-000000000008} = {11111111-1111-1111-1111-111111111111}
		{A0000009-0000-0000-0000-000000000009} = {11111111-1111-1111-1111-111111111111}
		{A000000A-0000-0000-0000-00000000000A} = {11111111-1111-1111-1111-111111111111}
		{A000000B-0000-0000-0000-00000000000B} = {22222222-2222-2222-2222-222222222222}
		{A000000C-0000-0000-0000-00000000000C} = {33333333-3333-3333-3333-333333333333}
		{65A5E382-936D-426D-8908-78EFDEB14829} = {11111111-1111-1111-1111-111111111111}
	EndGlobalSection
EndGlobal
